{
    "_readme": [
        "This file locks the dependencies of your project to a known state",
        "Read more about it at http://getcomposer.org/doc/01-basic-usage.md#composer-lock-the-lock-file",
        "This file is @generated automatically"
    ],
    "hash": "892e0f523eaf848cdfa84fad4a4f323c",
    "packages": [
        {
            "name": "mpdf/mpdf",
            "version": "v6.0-beta",
            "source": {
                "type": "git",
                "url": "https://github.com/finwe/mpdf.git",
                "reference": "d2f16f67a9b397142beacbe96098bdffbb39ccd1"
            },
            "dist": {
                "type": "zip",
                "url": "https://api.github.com/repos/finwe/mpdf/zipball/d2f16f67a9b397142beacbe96098bdffbb39ccd1",
                "reference": "d2f16f67a9b397142beacbe96098bdffbb39ccd1",
                "shasum": ""
            },
            "require": {
                "ext-mbstring": "*",
                "php": ">=4.3.10"
            },
            "type": "library",
            "autoload": {
                "classmap": [
                    "mpdf.php",
                    "classes"
                ]
            },
            "notification-url": "https://packagist.org/downloads/",
            "license": [
                "GPL-1.0+"
            ],
            "authors": [
                {
                    "name": "Ian Back"
                }
            ],
            "description": "A PHP class to generate PDF files from HTML with Unicode/UTF-8 and CJK support",
            "homepage": "http://www.mpdf1.com/mpdf/index.php",
            "keywords": [
                "pdf",
                "php",
                "utf-8"
            ],
            "time": "2014-01-07 11:55:40"
        }
    ],
    "packages-dev": [],
    "aliases": [],
    "minimum-stability": "stable",
    "stability-flags": {
        "mpdf/mpdf": 10
    },
    "prefer-stable": false,
    "prefer-lowest": false,
    "platform": [],
    "platform-dev": []
}
